// !$*UTF8*$!
{
	archiveVersion = 1;
	classes = {
	};
	objectVersion = 55;
	objects = {

/* Begin PBXBuildFile section */
		2B251F1C287C41D500E4B7D9 /* ProfileViewController.swift in Sources */ = {isa = PBXBuildFile; fileRef = 2B251F1B287C41D500E4B7D9 /* ProfileViewController.swift */; };
		2B251F1E287C4AEC00E4B7D9 /* InsertableTextField.swift in Sources */ = {isa = PBXBuildFile; fileRef = 2B251F1D287C4AEC00E4B7D9 /* InsertableTextField.swift */; };
		2B251F20287C4FBC00E4B7D9 /* Extension + UIView.swift in Sources */ = {isa = PBXBuildFile; fileRef = 2B251F1F287C4FBC00E4B7D9 /* Extension + UIView.swift */; };
		2B251F22287C55AF00E4B7D9 /* ChatRequestViewController.swift in Sources */ = {isa = PBXBuildFile; fileRef = 2B251F21287C55AF00E4B7D9 /* ChatRequestViewController.swift */; };
		2B251F24287CA2D200E4B7D9 /* GoogleService-Info.plist in Resources */ = {isa = PBXBuildFile; fileRef = 2B251F23287CA2D200E4B7D9 /* GoogleService-Info.plist */; };
		2B251F29287CB23600E4B7D9 /* AuthService.swift in Sources */ = {isa = PBXBuildFile; fileRef = 2B251F28287CB23600E4B7D9 /* AuthService.swift */; };
		2B251F2C287CBB5B00E4B7D9 /* Validators.swift in Sources */ = {isa = PBXBuildFile; fileRef = 2B251F2B287CBB5B00E4B7D9 /* Validators.swift */; };
		2B251F2E287CBE6A00E4B7D9 /* AuthError.swift in Sources */ = {isa = PBXBuildFile; fileRef = 2B251F2D287CBE6A00E4B7D9 /* AuthError.swift */; };
		2B251F30287CC58300E4B7D9 /* AuthNavigationDelegate.swift in Sources */ = {isa = PBXBuildFile; fileRef = 2B251F2F287CC58300E4B7D9 /* AuthNavigationDelegate.swift */; };
		2B251F32287CD59A00E4B7D9 /* FirestoreService.swift in Sources */ = {isa = PBXBuildFile; fileRef = 2B251F31287CD59A00E4B7D9 /* FirestoreService.swift */; };
		2B251F34287DA7E400E4B7D9 /* UserError.swift in Sources */ = {isa = PBXBuildFile; fileRef = 2B251F33287DA7E400E4B7D9 /* UserError.swift */; };
		2B70972128797AFA008C56CE /* AppDelegate.swift in Sources */ = {isa = PBXBuildFile; fileRef = 2B70972028797AFA008C56CE /* AppDelegate.swift */; };
		2B70972328797AFA008C56CE /* SceneDelegate.swift in Sources */ = {isa = PBXBuildFile; fileRef = 2B70972228797AFA008C56CE /* SceneDelegate.swift */; };
		2B70972528797AFA008C56CE /* AuthViewController.swift in Sources */ = {isa = PBXBuildFile; fileRef = 2B70972428797AFA008C56CE /* AuthViewController.swift */; };
		2B70972D28797AFD008C56CE /* LaunchScreen.storyboard in Resources */ = {isa = PBXBuildFile; fileRef = 2B70972B28797AFD008C56CE /* LaunchScreen.storyboard */; };
		2B70973528798238008C56CE /* Extension + UILabel.swift in Sources */ = {isa = PBXBuildFile; fileRef = 2B70973428798238008C56CE /* Extension + UILabel.swift */; };
		2B7097382879827F008C56CE /* Entension + StackView.swift in Sources */ = {isa = PBXBuildFile; fileRef = 2B7097372879827F008C56CE /* Entension + StackView.swift */; };
		2B70973A287982A4008C56CE /* Extension + UIButton.swift in Sources */ = {isa = PBXBuildFile; fileRef = 2B709739287982A4008C56CE /* Extension + UIButton.swift */; };
		2B70973C287982D4008C56CE /* Extension + UIColor.swift in Sources */ = {isa = PBXBuildFile; fileRef = 2B70973B287982D4008C56CE /* Extension + UIColor.swift */; };
		2B70973E28798330008C56CE /* Extension + UIFont.swift in Sources */ = {isa = PBXBuildFile; fileRef = 2B70973D28798330008C56CE /* Extension + UIFont.swift */; };
		2B7097402879835A008C56CE /* Extension + UIImageView.swift in Sources */ = {isa = PBXBuildFile; fileRef = 2B70973F2879835A008C56CE /* Extension + UIImageView.swift */; };
		2B7097422879857D008C56CE /* ButtonFormView.swift in Sources */ = {isa = PBXBuildFile; fileRef = 2B7097412879857D008C56CE /* ButtonFormView.swift */; };
		2B70974928799C63008C56CE /* Assets.xcassets in Resources */ = {isa = PBXBuildFile; fileRef = 2B70974828799C63008C56CE /* Assets.xcassets */; };
		2B70974B2879A330008C56CE /* SignUpViewController.swift in Sources */ = {isa = PBXBuildFile; fileRef = 2B70974A2879A330008C56CE /* SignUpViewController.swift */; };
		2B70974D2879A9DF008C56CE /* OneLineTextField.swift in Sources */ = {isa = PBXBuildFile; fileRef = 2B70974C2879A9DF008C56CE /* OneLineTextField.swift */; };
		2B70974F2879B64E008C56CE /* LoginViewController.swift in Sources */ = {isa = PBXBuildFile; fileRef = 2B70974E2879B64E008C56CE /* LoginViewController.swift */; };
		2B709751287A1136008C56CE /* SetupProfileViewController.swift in Sources */ = {isa = PBXBuildFile; fileRef = 2B709750287A1136008C56CE /* SetupProfileViewController.swift */; };
		2B709753287A1A67008C56CE /* AddPhotoView.swift in Sources */ = {isa = PBXBuildFile; fileRef = 2B709752287A1A67008C56CE /* AddPhotoView.swift */; };
		2B709755287A2C50008C56CE /* Extension + UISegmentedControl.swift in Sources */ = {isa = PBXBuildFile; fileRef = 2B709754287A2C50008C56CE /* Extension + UISegmentedControl.swift */; };
		2B709757287AD45E008C56CE /* ListViewController.swift in Sources */ = {isa = PBXBuildFile; fileRef = 2B709756287AD45E008C56CE /* ListViewController.swift */; };
		2B70975B287AD9FC008C56CE /* MainTabBarController.swift in Sources */ = {isa = PBXBuildFile; fileRef = 2B70975A287AD9FC008C56CE /* MainTabBarController.swift */; };
		2B70975D287ADA45008C56CE /* PeopleViewController.swift in Sources */ = {isa = PBXBuildFile; fileRef = 2B70975C287ADA45008C56CE /* PeopleViewController.swift */; };
		2B709764287B0155008C56CE /* waitingChats.json in Resources */ = {isa = PBXBuildFile; fileRef = 2B709762287B0155008C56CE /* waitingChats.json */; };
		2B709765287B0155008C56CE /* activeChats.json in Resources */ = {isa = PBXBuildFile; fileRef = 2B709763287B0155008C56CE /* activeChats.json */; };
		2B709767287B0185008C56CE /* Extension + Bundle.swift in Sources */ = {isa = PBXBuildFile; fileRef = 2B709766287B0185008C56CE /* Extension + Bundle.swift */; };
		2B70976A287B0ED8008C56CE /* ActiveChatCell.swift in Sources */ = {isa = PBXBuildFile; fileRef = 2B709769287B0ED8008C56CE /* ActiveChatCell.swift */; };
		2B70976C287B5190008C56CE /* GradientView.swift in Sources */ = {isa = PBXBuildFile; fileRef = 2B70976B287B5190008C56CE /* GradientView.swift */; };
		2B70976E287B5D1A008C56CE /* WaitingChatCell.swift in Sources */ = {isa = PBXBuildFile; fileRef = 2B70976D287B5D1A008C56CE /* WaitingChatCell.swift */; };
		2B709771287B616B008C56CE /* SelfConfigureCell.swift in Sources */ = {isa = PBXBuildFile; fileRef = 2B709770287B616B008C56CE /* SelfConfigureCell.swift */; };
		2B709773287B67AB008C56CE /* SectionHeader.swift in Sources */ = {isa = PBXBuildFile; fileRef = 2B709772287B67AB008C56CE /* SectionHeader.swift */; };
		2B709775287B763E008C56CE /* users.json in Resources */ = {isa = PBXBuildFile; fileRef = 2B709774287B763E008C56CE /* users.json */; };
		2B709779287B7867008C56CE /* MUser.swift in Sources */ = {isa = PBXBuildFile; fileRef = 2B709778287B7867008C56CE /* MUser.swift */; };
		2B70977B287B7873008C56CE /* MChat.swift in Sources */ = {isa = PBXBuildFile; fileRef = 2B70977A287B7873008C56CE /* MChat.swift */; };
		2B70977D287C24BF008C56CE /* UserCell.swift in Sources */ = {isa = PBXBuildFile; fileRef = 2B70977C287C24BF008C56CE /* UserCell.swift */; };
		2B70977F287C268F008C56CE /* Extension + UIViewController.swift in Sources */ = {isa = PBXBuildFile; fileRef = 2B70977E287C268F008C56CE /* Extension + UIViewController.swift */; };
		A4D6E21D1B00BE10314AC792 /* Pods_iChat_App.framework in Frameworks */ = {isa = PBXBuildFile; fileRef = 90E0BAB253D7EEBA62865503 /* Pods_iChat_App.framework */; };
/* End PBXBuildFile section */

/* Begin PBXFileReference section */
		2B251F1B287C41D500E4B7D9 /* ProfileViewController.swift */ = {isa = PBXFileReference; lastKnownFileType = sourcecode.swift; path = ProfileViewController.swift; sourceTree = "<group>"; };
		2B251F1D287C4AEC00E4B7D9 /* InsertableTextField.swift */ = {isa = PBXFileReference; lastKnownFileType = sourcecode.swift; path = InsertableTextField.swift; sourceTree = "<group>"; };
		2B251F1F287C4FBC00E4B7D9 /* Extension + UIView.swift */ = {isa = PBXFileReference; lastKnownFileType = sourcecode.swift; path = "Extension + UIView.swift"; sourceTree = "<group>"; };
		2B251F21287C55AF00E4B7D9 /* ChatRequestViewController.swift */ = {isa = PBXFileReference; lastKnownFileType = sourcecode.swift; path = ChatRequestViewController.swift; sourceTree = "<group>"; };
		2B251F23287CA2D200E4B7D9 /* GoogleService-Info.plist */ = {isa = PBXFileReference; fileEncoding = 4; lastKnownFileType = text.plist.xml; path = "GoogleService-Info.plist"; sourceTree = "<group>"; };
		2B251F28287CB23600E4B7D9 /* AuthService.swift */ = {isa = PBXFileReference; lastKnownFileType = sourcecode.swift; path = AuthService.swift; sourceTree = "<group>"; };
		2B251F2B287CBB5B00E4B7D9 /* Validators.swift */ = {isa = PBXFileReference; lastKnownFileType = sourcecode.swift; path = Validators.swift; sourceTree = "<group>"; };
		2B251F2D287CBE6A00E4B7D9 /* AuthError.swift */ = {isa = PBXFileReference; lastKnownFileType = sourcecode.swift; path = AuthError.swift; sourceTree = "<group>"; };
		2B251F2F287CC58300E4B7D9 /* AuthNavigationDelegate.swift */ = {isa = PBXFileReference; lastKnownFileType = sourcecode.swift; path = AuthNavigationDelegate.swift; sourceTree = "<group>"; };
		2B251F31287CD59A00E4B7D9 /* FirestoreService.swift */ = {isa = PBXFileReference; lastKnownFileType = sourcecode.swift; path = FirestoreService.swift; sourceTree = "<group>"; };
		2B251F33287DA7E400E4B7D9 /* UserError.swift */ = {isa = PBXFileReference; lastKnownFileType = sourcecode.swift; path = UserError.swift; sourceTree = "<group>"; };
		2B70971D28797AFA008C56CE /* iChat_App.app */ = {isa = PBXFileReference; explicitFileType = wrapper.application; includeInIndex = 0; path = iChat_App.app; sourceTree = BUILT_PRODUCTS_DIR; };
		2B70972028797AFA008C56CE /* AppDelegate.swift */ = {isa = PBXFileReference; lastKnownFileType = sourcecode.swift; path = AppDelegate.swift; sourceTree = "<group>"; };
		2B70972228797AFA008C56CE /* SceneDelegate.swift */ = {isa = PBXFileReference; lastKnownFileType = sourcecode.swift; path = SceneDelegate.swift; sourceTree = "<group>"; };
		2B70972428797AFA008C56CE /* AuthViewController.swift */ = {isa = PBXFileReference; lastKnownFileType = sourcecode.swift; path = AuthViewController.swift; sourceTree = "<group>"; };
		2B70972C28797AFD008C56CE /* Base */ = {isa = PBXFileReference; lastKnownFileType = file.storyboard; name = Base; path = Base.lproj/LaunchScreen.storyboard; sourceTree = "<group>"; };
		2B70972E28797AFD008C56CE /* Info.plist */ = {isa = PBXFileReference; lastKnownFileType = text.plist.xml; path = Info.plist; sourceTree = "<group>"; };
		2B70973428798238008C56CE /* Extension + UILabel.swift */ = {isa = PBXFileReference; lastKnownFileType = sourcecode.swift; path = "Extension + UILabel.swift"; sourceTree = "<group>"; };
		2B7097372879827F008C56CE /* Entension + StackView.swift */ = {isa = PBXFileReference; lastKnownFileType = sourcecode.swift; path = "Entension + StackView.swift"; sourceTree = "<group>"; };
		2B709739287982A4008C56CE /* Extension + UIButton.swift */ = {isa = PBXFileReference; lastKnownFileType = sourcecode.swift; path = "Extension + UIButton.swift"; sourceTree = "<group>"; };
		2B70973B287982D4008C56CE /* Extension + UIColor.swift */ = {isa = PBXFileReference; lastKnownFileType = sourcecode.swift; path = "Extension + UIColor.swift"; sourceTree = "<group>"; };
		2B70973D28798330008C56CE /* Extension + UIFont.swift */ = {isa = PBXFileReference; lastKnownFileType = sourcecode.swift; path = "Extension + UIFont.swift"; sourceTree = "<group>"; };
		2B70973F2879835A008C56CE /* Extension + UIImageView.swift */ = {isa = PBXFileReference; lastKnownFileType = sourcecode.swift; path = "Extension + UIImageView.swift"; sourceTree = "<group>"; };
		2B7097412879857D008C56CE /* ButtonFormView.swift */ = {isa = PBXFileReference; lastKnownFileType = sourcecode.swift; path = ButtonFormView.swift; sourceTree = "<group>"; };
		2B70974828799C63008C56CE /* Assets.xcassets */ = {isa = PBXFileReference; lastKnownFileType = folder.assetcatalog; path = Assets.xcassets; sourceTree = "<group>"; };
		2B70974A2879A330008C56CE /* SignUpViewController.swift */ = {isa = PBXFileReference; lastKnownFileType = sourcecode.swift; path = SignUpViewController.swift; sourceTree = "<group>"; };
		2B70974C2879A9DF008C56CE /* OneLineTextField.swift */ = {isa = PBXFileReference; lastKnownFileType = sourcecode.swift; path = OneLineTextField.swift; sourceTree = "<group>"; };
		2B70974E2879B64E008C56CE /* LoginViewController.swift */ = {isa = PBXFileReference; lastKnownFileType = sourcecode.swift; path = LoginViewController.swift; sourceTree = "<group>"; };
		2B709750287A1136008C56CE /* SetupProfileViewController.swift */ = {isa = PBXFileReference; lastKnownFileType = sourcecode.swift; path = SetupProfileViewController.swift; sourceTree = "<group>"; };
		2B709752287A1A67008C56CE /* AddPhotoView.swift */ = {isa = PBXFileReference; lastKnownFileType = sourcecode.swift; path = AddPhotoView.swift; sourceTree = "<group>"; };
		2B709754287A2C50008C56CE /* Extension + UISegmentedControl.swift */ = {isa = PBXFileReference; lastKnownFileType = sourcecode.swift; path = "Extension + UISegmentedControl.swift"; sourceTree = "<group>"; };
		2B709756287AD45E008C56CE /* ListViewController.swift */ = {isa = PBXFileReference; lastKnownFileType = sourcecode.swift; path = ListViewController.swift; sourceTree = "<group>"; };
		2B70975A287AD9FC008C56CE /* MainTabBarController.swift */ = {isa = PBXFileReference; lastKnownFileType = sourcecode.swift; path = MainTabBarController.swift; sourceTree = "<group>"; };
		2B70975C287ADA45008C56CE /* PeopleViewController.swift */ = {isa = PBXFileReference; lastKnownFileType = sourcecode.swift; path = PeopleViewController.swift; sourceTree = "<group>"; };
		2B709762287B0155008C56CE /* waitingChats.json */ = {isa = PBXFileReference; fileEncoding = 4; lastKnownFileType = text.json; path = waitingChats.json; sourceTree = "<group>"; };
		2B709763287B0155008C56CE /* activeChats.json */ = {isa = PBXFileReference; fileEncoding = 4; lastKnownFileType = text.json; path = activeChats.json; sourceTree = "<group>"; };
		2B709766287B0185008C56CE /* Extension + Bundle.swift */ = {isa = PBXFileReference; lastKnownFileType = sourcecode.swift; path = "Extension + Bundle.swift"; sourceTree = "<group>"; };
		2B709769287B0ED8008C56CE /* ActiveChatCell.swift */ = {isa = PBXFileReference; lastKnownFileType = sourcecode.swift; path = ActiveChatCell.swift; sourceTree = "<group>"; };
		2B70976B287B5190008C56CE /* GradientView.swift */ = {isa = PBXFileReference; lastKnownFileType = sourcecode.swift; path = GradientView.swift; sourceTree = "<group>"; };
		2B70976D287B5D1A008C56CE /* WaitingChatCell.swift */ = {isa = PBXFileReference; lastKnownFileType = sourcecode.swift; path = WaitingChatCell.swift; sourceTree = "<group>"; };
		2B709770287B616B008C56CE /* SelfConfigureCell.swift */ = {isa = PBXFileReference; lastKnownFileType = sourcecode.swift; path = SelfConfigureCell.swift; sourceTree = "<group>"; };
		2B709772287B67AB008C56CE /* SectionHeader.swift */ = {isa = PBXFileReference; lastKnownFileType = sourcecode.swift; path = SectionHeader.swift; sourceTree = "<group>"; };
		2B709774287B763E008C56CE /* users.json */ = {isa = PBXFileReference; fileEncoding = 4; lastKnownFileType = text.json; path = users.json; sourceTree = "<group>"; };
		2B709778287B7867008C56CE /* MUser.swift */ = {isa = PBXFileReference; lastKnownFileType = sourcecode.swift; path = MUser.swift; sourceTree = "<group>"; };
		2B70977A287B7873008C56CE /* MChat.swift */ = {isa = PBXFileReference; lastKnownFileType = sourcecode.swift; path = MChat.swift; sourceTree = "<group>"; };
		2B70977C287C24BF008C56CE /* UserCell.swift */ = {isa = PBXFileReference; lastKnownFileType = sourcecode.swift; path = UserCell.swift; sourceTree = "<group>"; };
		2B70977E287C268F008C56CE /* Extension + UIViewController.swift */ = {isa = PBXFileReference; lastKnownFileType = sourcecode.swift; path = "Extension + UIViewController.swift"; sourceTree = "<group>"; };
		3819647CE6CFE264CC274A1E /* Pods-iChat_App.debug.xcconfig */ = {isa = PBXFileReference; includeInIndex = 1; lastKnownFileType = text.xcconfig; name = "Pods-iChat_App.debug.xcconfig"; path = "Target Support Files/Pods-iChat_App/Pods-iChat_App.debug.xcconfig"; sourceTree = "<group>"; };
		64AD8146F66017B2894434EC /* Pods-iChat_App.release.xcconfig */ = {isa = PBXFileReference; includeInIndex = 1; lastKnownFileType = text.xcconfig; name = "Pods-iChat_App.release.xcconfig"; path = "Target Support Files/Pods-iChat_App/Pods-iChat_App.release.xcconfig"; sourceTree = "<group>"; };
		90E0BAB253D7EEBA62865503 /* Pods_iChat_App.framework */ = {isa = PBXFileReference; explicitFileType = wrapper.framework; includeInIndex = 0; path = Pods_iChat_App.framework; sourceTree = BUILT_PRODUCTS_DIR; };
/* End PBXFileReference section */

/* Begin PBXFrameworksBuildPhase section */
		2B70971A28797AFA008C56CE /* Frameworks */ = {
			isa = PBXFrameworksBuildPhase;
			buildActionMask = 2147483647;
			files = (
				A4D6E21D1B00BE10314AC792 /* Pods_iChat_App.framework in Frameworks */,
			);
			runOnlyForDeploymentPostprocessing = 0;
		};
/* End PBXFrameworksBuildPhase section */

/* Begin PBXGroup section */
		2B251F25287CB21700E4B7D9 /* Services */ = {
			isa = PBXGroup;
			children = (
				2B251F2A287CBB4B00E4B7D9 /* Helpers */,
				2B251F28287CB23600E4B7D9 /* AuthService.swift */,
				2B251F31287CD59A00E4B7D9 /* FirestoreService.swift */,
			);
			path = Services;
			sourceTree = "<group>";
		};
		2B251F2A287CBB4B00E4B7D9 /* Helpers */ = {
			isa = PBXGroup;
			children = (
				2B251F2B287CBB5B00E4B7D9 /* Validators.swift */,
				2B251F2D287CBE6A00E4B7D9 /* AuthError.swift */,
				2B251F33287DA7E400E4B7D9 /* UserError.swift */,
			);
			path = Helpers;
			sourceTree = "<group>";
		};
		2B70971428797AFA008C56CE = {
			isa = PBXGroup;
			children = (
				2B70971F28797AFA008C56CE /* iChat_App */,
				2B70971E28797AFA008C56CE /* Products */,
				E0626CE0FCE21036F4BAB0F1 /* Pods */,
				BC90E8BA0686CA43939A842F /* Frameworks */,
			);
			sourceTree = "<group>";
		};
		2B70971E28797AFA008C56CE /* Products */ = {
			isa = PBXGroup;
			children = (
				2B70971D28797AFA008C56CE /* iChat_App.app */,
			);
			name = Products;
			sourceTree = "<group>";
		};
		2B70971F28797AFA008C56CE /* iChat_App */ = {
			isa = PBXGroup;
			children = (
				2B70972028797AFA008C56CE /* AppDelegate.swift */,
				2B70972228797AFA008C56CE /* SceneDelegate.swift */,
				2B709777287B7825008C56CE /* Models */,
				2B709758287AD91F008C56CE /* SignIn&Auth ViewControllers */,
				2B709759287AD946008C56CE /* ViewControllers */,
				2B70976F287B6145008C56CE /* Protocols */,
				2B70974328798BD1008C56CE /* Views */,
				2B251F25287CB21700E4B7D9 /* Services */,
				2B7097362879824B008C56CE /* Extensions */,
				2B70972B28797AFD008C56CE /* LaunchScreen.storyboard */,
				2B70974828799C63008C56CE /* Assets.xcassets */,
				2B709763287B0155008C56CE /* activeChats.json */,
				2B709774287B763E008C56CE /* users.json */,
				2B709762287B0155008C56CE /* waitingChats.json */,
				2B70972E28797AFD008C56CE /* Info.plist */,
				2B251F23287CA2D200E4B7D9 /* GoogleService-Info.plist */,
			);
			path = iChat_App;
			sourceTree = "<group>";
		};
		2B7097362879824B008C56CE /* Extensions */ = {
			isa = PBXGroup;
			children = (
				2B70973428798238008C56CE /* Extension + UILabel.swift */,
				2B7097372879827F008C56CE /* Entension + StackView.swift */,
				2B709739287982A4008C56CE /* Extension + UIButton.swift */,
				2B251F1F287C4FBC00E4B7D9 /* Extension + UIView.swift */,
				2B70973B287982D4008C56CE /* Extension + UIColor.swift */,
				2B70973D28798330008C56CE /* Extension + UIFont.swift */,
				2B70973F2879835A008C56CE /* Extension + UIImageView.swift */,
				2B709754287A2C50008C56CE /* Extension + UISegmentedControl.swift */,
				2B709766287B0185008C56CE /* Extension + Bundle.swift */,
				2B70977E287C268F008C56CE /* Extension + UIViewController.swift */,
			);
			path = Extensions;
			sourceTree = "<group>";
		};
		2B70974328798BD1008C56CE /* Views */ = {
			isa = PBXGroup;
			children = (
				2B709776287B7767008C56CE /* Headers */,
				2B709768287B0EAE008C56CE /* Cells */,
				2B7097412879857D008C56CE /* ButtonFormView.swift */,
				2B70974C2879A9DF008C56CE /* OneLineTextField.swift */,
				2B709752287A1A67008C56CE /* AddPhotoView.swift */,
				2B70976B287B5190008C56CE /* GradientView.swift */,
				2B251F1D287C4AEC00E4B7D9 /* InsertableTextField.swift */,
			);
			path = Views;
			sourceTree = "<group>";
		};
		2B709758287AD91F008C56CE /* SignIn&Auth ViewControllers */ = {
			isa = PBXGroup;
			children = (
				2B70972428797AFA008C56CE /* AuthViewController.swift */,
				2B70974A2879A330008C56CE /* SignUpViewController.swift */,
				2B709750287A1136008C56CE /* SetupProfileViewController.swift */,
				2B70974E2879B64E008C56CE /* LoginViewController.swift */,
			);
			path = "SignIn&Auth ViewControllers";
			sourceTree = "<group>";
		};
		2B709759287AD946008C56CE /* ViewControllers */ = {
			isa = PBXGroup;
			children = (
				2B70975A287AD9FC008C56CE /* MainTabBarController.swift */,
				2B709756287AD45E008C56CE /* ListViewController.swift */,
				2B70975C287ADA45008C56CE /* PeopleViewController.swift */,
				2B251F1B287C41D500E4B7D9 /* ProfileViewController.swift */,
				2B251F21287C55AF00E4B7D9 /* ChatRequestViewController.swift */,
			);
			path = ViewControllers;
			sourceTree = "<group>";
		};
		2B709768287B0EAE008C56CE /* Cells */ = {
			isa = PBXGroup;
			children = (
				2B709769287B0ED8008C56CE /* ActiveChatCell.swift */,
				2B70976D287B5D1A008C56CE /* WaitingChatCell.swift */,
				2B70977C287C24BF008C56CE /* UserCell.swift */,
			);
			path = Cells;
			sourceTree = "<group>";
		};
		2B70976F287B6145008C56CE /* Protocols */ = {
			isa = PBXGroup;
			children = (
				2B709770287B616B008C56CE /* SelfConfigureCell.swift */,
				2B251F2F287CC58300E4B7D9 /* AuthNavigationDelegate.swift */,
			);
			path = Protocols;
			sourceTree = "<group>";
		};
		2B709776287B7767008C56CE /* Headers */ = {
			isa = PBXGroup;
			children = (
				2B709772287B67AB008C56CE /* SectionHeader.swift */,
			);
			path = Headers;
			sourceTree = "<group>";
		};
		2B709777287B7825008C56CE /* Models */ = {
			isa = PBXGroup;
			children = (
				2B709778287B7867008C56CE /* MUser.swift */,
				2B70977A287B7873008C56CE /* MChat.swift */,
			);
			path = Models;
			sourceTree = "<group>";
		};
		BC90E8BA0686CA43939A842F /* Frameworks */ = {
			isa = PBXGroup;
			children = (
				90E0BAB253D7EEBA62865503 /* Pods_iChat_App.framework */,
			);
			name = Frameworks;
			sourceTree = "<group>";
		};
		E0626CE0FCE21036F4BAB0F1 /* Pods */ = {
			isa = PBXGroup;
			children = (
				3819647CE6CFE264CC274A1E /* Pods-iChat_App.debug.xcconfig */,
				64AD8146F66017B2894434EC /* Pods-iChat_App.release.xcconfig */,
			);
			path = Pods;
			sourceTree = "<group>";
		};
/* End PBXGroup section */

/* Begin PBXNativeTarget section */
		2B70971C28797AFA008C56CE /* iChat_App */ = {
			isa = PBXNativeTarget;
			buildConfigurationList = 2B70973128797AFD008C56CE /* Build configuration list for PBXNativeTarget "iChat_App" */;
			buildPhases = (
				3FA2A0BA1CF381B8981C2001 /* [CP] Check Pods Manifest.lock */,
				2B70971928797AFA008C56CE /* Sources */,
				2B70971A28797AFA008C56CE /* Frameworks */,
				2B70971B28797AFA008C56CE /* Resources */,
				5A75EE49E8B6647239D9F3D1 /* [CP] Embed Pods Frameworks */,
			);
			buildRules = (
			);
			dependencies = (
			);
			name = iChat_App;
			productName = iChat_App;
			productReference = 2B70971D28797AFA008C56CE /* iChat_App.app */;
			productType = "com.apple.product-type.application";
		};
/* End PBXNativeTarget section */

/* Begin PBXProject section */
		2B70971528797AFA008C56CE /* Project object */ = {
			isa = PBXProject;
			attributes = {
				BuildIndependentTargetsInParallel = 1;
				LastSwiftUpdateCheck = 1340;
				LastUpgradeCheck = 1340;
				TargetAttributes = {
					2B70971C28797AFA008C56CE = {
						CreatedOnToolsVersion = 13.4;
					};
				};
			};
			buildConfigurationList = 2B70971828797AFA008C56CE /* Build configuration list for PBXProject "iChat_App" */;
			compatibilityVersion = "Xcode 13.0";
			developmentRegion = en;
			hasScannedForEncodings = 0;
			knownRegions = (
				en,
				Base,
			);
			mainGroup = 2B70971428797AFA008C56CE;
			productRefGroup = 2B70971E28797AFA008C56CE /* Products */;
			projectDirPath = "";
			projectRoot = "";
			targets = (
				2B70971C28797AFA008C56CE /* iChat_App */,
			);
		};
/* End PBXProject section */

/* Begin PBXResourcesBuildPhase section */
		2B70971B28797AFA008C56CE /* Resources */ = {
			isa = PBXResourcesBuildPhase;
			buildActionMask = 2147483647;
			files = (
				2B709775287B763E008C56CE /* users.json in Resources */,
				2B709764287B0155008C56CE /* waitingChats.json in Resources */,
				2B70974928799C63008C56CE /* Assets.xcassets in Resources */,
				2B70972D28797AFD008C56CE /* LaunchScreen.storyboard in Resources */,
				2B709765287B0155008C56CE /* activeChats.json in Resources */,
				2B251F24287CA2D200E4B7D9 /* GoogleService-Info.plist in Resources */,
			);
			runOnlyForDeploymentPostprocessing = 0;
		};
/* End PBXResourcesBuildPhase section */

/* Begin PBXShellScriptBuildPhase section */
		3FA2A0BA1CF381B8981C2001 /* [CP] Check Pods Manifest.lock */ = {
			isa = PBXShellScriptBuildPhase;
			buildActionMask = 2147483647;
			files = (
			);
			inputFileListPaths = (
			);
			inputPaths = (
				"${PODS_PODFILE_DIR_PATH}/Podfile.lock",
				"${PODS_ROOT}/Manifest.lock",
			);
			name = "[CP] Check Pods Manifest.lock";
			outputFileListPaths = (
			);
			outputPaths = (
				"$(DERIVED_FILE_DIR)/Pods-iChat_App-checkManifestLockResult.txt",
			);
			runOnlyForDeploymentPostprocessing = 0;
			shellPath = /bin/sh;
			shellScript = "diff \"${PODS_PODFILE_DIR_PATH}/Podfile.lock\" \"${PODS_ROOT}/Manifest.lock\" > /dev/null\nif [ $? != 0 ] ; then\n    # print error to STDERR\n    echo \"error: The sandbox is not in sync with the Podfile.lock. Run 'pod install' or update your CocoaPods installation.\" >&2\n    exit 1\nfi\n# This output is used by Xcode 'outputs' to avoid re-running this script phase.\necho \"SUCCESS\" > \"${SCRIPT_OUTPUT_FILE_0}\"\n";
			showEnvVarsInLog = 0;
		};
		5A75EE49E8B6647239D9F3D1 /* [CP] Embed Pods Frameworks */ = {
			isa = PBXShellScriptBuildPhase;
			buildActionMask = 2147483647;
			files = (
			);
			inputFileListPaths = (
				"${PODS_ROOT}/Target Support Files/Pods-iChat_App/Pods-iChat_App-frameworks-${CONFIGURATION}-input-files.xcfilelist",
			);
			name = "[CP] Embed Pods Frameworks";
			outputFileListPaths = (
				"${PODS_ROOT}/Target Support Files/Pods-iChat_App/Pods-iChat_App-frameworks-${CONFIGURATION}-output-files.xcfilelist",
			);
			runOnlyForDeploymentPostprocessing = 0;
			shellPath = /bin/sh;
			shellScript = "\"${PODS_ROOT}/Target Support Files/Pods-iChat_App/Pods-iChat_App-frameworks.sh\"\n";
			showEnvVarsInLog = 0;
		};
/* End PBXShellScriptBuildPhase section */

/* Begin PBXSourcesBuildPhase section */
		2B70971928797AFA008C56CE /* Sources */ = {
			isa = PBXSourcesBuildPhase;
			buildActionMask = 2147483647;
			files = (
				2B70977B287B7873008C56CE /* MChat.swift in Sources */,
				2B709757287AD45E008C56CE /* ListViewController.swift in Sources */,
				2B70974D2879A9DF008C56CE /* OneLineTextField.swift in Sources */,
				2B709773287B67AB008C56CE /* SectionHeader.swift in Sources */,
				2B70976C287B5190008C56CE /* GradientView.swift in Sources */,
				2B70975B287AD9FC008C56CE /* MainTabBarController.swift in Sources */,
				2B251F2E287CBE6A00E4B7D9 /* AuthError.swift in Sources */,
				2B70974B2879A330008C56CE /* SignUpViewController.swift in Sources */,
				2B709779287B7867008C56CE /* MUser.swift in Sources */,
				2B251F2C287CBB5B00E4B7D9 /* Validators.swift in Sources */,
				2B70976A287B0ED8008C56CE /* ActiveChatCell.swift in Sources */,
				2B70973E28798330008C56CE /* Extension + UIFont.swift in Sources */,
				2B251F30287CC58300E4B7D9 /* AuthNavigationDelegate.swift in Sources */,
				2B251F1E287C4AEC00E4B7D9 /* InsertableTextField.swift in Sources */,
				2B70975D287ADA45008C56CE /* PeopleViewController.swift in Sources */,
				2B251F32287CD59A00E4B7D9 /* FirestoreService.swift in Sources */,
				2B70972528797AFA008C56CE /* AuthViewController.swift in Sources */,
				2B251F1C287C41D500E4B7D9 /* ProfileViewController.swift in Sources */,
				2B709751287A1136008C56CE /* SetupProfileViewController.swift in Sources */,
				2B251F22287C55AF00E4B7D9 /* ChatRequestViewController.swift in Sources */,
				2B7097402879835A008C56CE /* Extension + UIImageView.swift in Sources */,
				2B70972128797AFA008C56CE /* AppDelegate.swift in Sources */,
				2B709753287A1A67008C56CE /* AddPhotoView.swift in Sources */,
				2B251F34287DA7E400E4B7D9 /* UserError.swift in Sources */,
				2B7097382879827F008C56CE /* Entension + StackView.swift in Sources */,
				2B70973C287982D4008C56CE /* Extension + UIColor.swift in Sources */,
				2B251F20287C4FBC00E4B7D9 /* Extension + UIView.swift in Sources */,
				2B7097422879857D008C56CE /* ButtonFormView.swift in Sources */,
				2B70973528798238008C56CE /* Extension + UILabel.swift in Sources */,
				2B70977D287C24BF008C56CE /* UserCell.swift in Sources */,
				2B70976E287B5D1A008C56CE /* WaitingChatCell.swift in Sources */,
				2B70972328797AFA008C56CE /* SceneDelegate.swift in Sources */,
				2B70974F2879B64E008C56CE /* LoginViewController.swift in Sources */,
				2B709767287B0185008C56CE /* Extension + Bundle.swift in Sources */,
				2B70977F287C268F008C56CE /* Extension + UIViewController.swift in Sources */,
				2B70973A287982A4008C56CE /* Extension + UIButton.swift in Sources */,
				2B251F29287CB23600E4B7D9 /* AuthService.swift in Sources */,
				2B709771287B616B008C56CE /* SelfConfigureCell.swift in Sources */,
				2B709755287A2C50008C56CE /* Extension + UISegmentedControl.swift in Sources */,
			);
			runOnlyForDeploymentPostprocessing = 0;
		};
/* End PBXSourcesBuildPhase section */

/* Begin PBXVariantGroup section */
		2B70972B28797AFD008C56CE /* LaunchScreen.storyboard */ = {
			isa = PBXVariantGroup;
			children = (
				2B70972C28797AFD008C56CE /* Base */,
			);
			name = LaunchScreen.storyboard;
			sourceTree = "<group>";
		};
/* End PBXVariantGroup section */

/* Begin XCBuildConfiguration section */
		2B70972F28797AFD008C56CE /* Debug */ = {
			isa = XCBuildConfiguration;
			buildSettings = {
				ALWAYS_SEARCH_USER_PATHS = NO;
				CLANG_ANALYZER_NONNULL = YES;
				CLANG_ANALYZER_NUMBER_OBJECT_CONVERSION = YES_AGGRESSIVE;
				CLANG_CXX_LANGUAGE_STANDARD = "gnu++17";
				CLANG_ENABLE_MODULES = YES;
				CLANG_ENABLE_OBJC_ARC = YES;
				CLANG_ENABLE_OBJC_WEAK = YES;
				CLANG_WARN_BLOCK_CAPTURE_AUTORELEASING = YES;
				CLANG_WARN_BOOL_CONVERSION = YES;
				CLANG_WARN_COMMA = YES;
				CLANG_WARN_CONSTANT_CONVERSION = YES;
				CLANG_WARN_DEPRECATED_OBJC_IMPLEMENTATIONS = YES;
				CLANG_WARN_DIRECT_OBJC_ISA_USAGE = YES_ERROR;
				CLANG_WARN_DOCUMENTATION_COMMENTS = YES;
				CLANG_WARN_EMPTY_BODY = YES;
				CLANG_WARN_ENUM_CONVERSION = YES;
				CLANG_WARN_INFINITE_RECURSION = YES;
				CLANG_WARN_INT_CONVERSION = YES;
				CLANG_WARN_NON_LITERAL_NULL_CONVERSION = YES;
				CLANG_WARN_OBJC_IMPLICIT_RETAIN_SELF = YES;
				CLANG_WARN_OBJC_LITERAL_CONVERSION = YES;
				CLANG_WARN_OBJC_ROOT_CLASS = YES_ERROR;
				CLANG_WARN_QUOTED_INCLUDE_IN_FRAMEWORK_HEADER = YES;
				CLANG_WARN_RANGE_LOOP_ANALYSIS = YES;
				CLANG_WARN_STRICT_PROTOTYPES = YES;
				CLANG_WARN_SUSPICIOUS_MOVE = YES;
				CLANG_WARN_UNGUARDED_AVAILABILITY = YES_AGGRESSIVE;
				CLANG_WARN_UNREACHABLE_CODE = YES;
				CLANG_WARN__DUPLICATE_METHOD_MATCH = YES;
				COPY_PHASE_STRIP = NO;
				DEBUG_INFORMATION_FORMAT = dwarf;
				ENABLE_STRICT_OBJC_MSGSEND = YES;
				ENABLE_TESTABILITY = YES;
				GCC_C_LANGUAGE_STANDARD = gnu11;
				GCC_DYNAMIC_NO_PIC = NO;
				GCC_NO_COMMON_BLOCKS = YES;
				GCC_OPTIMIZATION_LEVEL = 0;
				GCC_PREPROCESSOR_DEFINITIONS = (
					"DEBUG=1",
					"$(inherited)",
				);
				GCC_WARN_64_TO_32_BIT_CONVERSION = YES;
				GCC_WARN_ABOUT_RETURN_TYPE = YES_ERROR;
				GCC_WARN_UNDECLARED_SELECTOR = YES;
				GCC_WARN_UNINITIALIZED_AUTOS = YES_AGGRESSIVE;
				GCC_WARN_UNUSED_FUNCTION = YES;
				GCC_WARN_UNUSED_VARIABLE = YES;
				IPHONEOS_DEPLOYMENT_TARGET = 15.5;
				MTL_ENABLE_DEBUG_INFO = INCLUDE_SOURCE;
				MTL_FAST_MATH = YES;
				ONLY_ACTIVE_ARCH = YES;
				SDKROOT = iphoneos;
				SWIFT_ACTIVE_COMPILATION_CONDITIONS = DEBUG;
				SWIFT_OPTIMIZATION_LEVEL = "-Onone";
			};
			name = Debug;
		};
		2B70973028797AFD008C56CE /* Release */ = {
			isa = XCBuildConfiguration;
			buildSettings = {
				ALWAYS_SEARCH_USER_PATHS = NO;
				CLANG_ANALYZER_NONNULL = YES;
				CLANG_ANALYZER_NUMBER_OBJECT_CONVERSION = YES_AGGRESSIVE;
				CLANG_CXX_LANGUAGE_STANDARD = "gnu++17";
				CLANG_ENABLE_MODULES = YES;
				CLANG_ENABLE_OBJC_ARC = YES;
				CLANG_ENABLE_OBJC_WEAK = YES;
				CLANG_WARN_BLOCK_CAPTURE_AUTORELEASING = YES;
				CLANG_WARN_BOOL_CONVERSION = YES;
				CLANG_WARN_COMMA = YES;
				CLANG_WARN_CONSTANT_CONVERSION = YES;
				CLANG_WARN_DEPRECATED_OBJC_IMPLEMENTATIONS = YES;
				CLANG_WARN_DIRECT_OBJC_ISA_USAGE = YES_ERROR;
				CLANG_WARN_DOCUMENTATION_COMMENTS = YES;
				CLANG_WARN_EMPTY_BODY = YES;
				CLANG_WARN_ENUM_CONVERSION = YES;
				CLANG_WARN_INFINITE_RECURSION = YES;
				CLANG_WARN_INT_CONVERSION = YES;
				CLANG_WARN_NON_LITERAL_NULL_CONVERSION = YES;
				CLANG_WARN_OBJC_IMPLICIT_RETAIN_SELF = YES;
				CLANG_WARN_OBJC_LITERAL_CONVERSION = YES;
				CLANG_WARN_OBJC_ROOT_CLASS = YES_ERROR;
				CLANG_WARN_QUOTED_INCLUDE_IN_FRAMEWORK_HEADER = YES;
				CLANG_WARN_RANGE_LOOP_ANALYSIS = YES;
				CLANG_WARN_STRICT_PROTOTYPES = YES;
				CLANG_WARN_SUSPICIOUS_MOVE = YES;
				CLANG_WARN_UNGUARDED_AVAILABILITY = YES_AGGRESSIVE;
				CLANG_WARN_UNREACHABLE_CODE = YES;
				CLANG_WARN__DUPLICATE_METHOD_MATCH = YES;
				COPY_PHASE_STRIP = NO;
				DEBUG_INFORMATION_FORMAT = "dwarf-with-dsym";
				ENABLE_NS_ASSERTIONS = NO;
				ENABLE_STRICT_OBJC_MSGSEND = YES;
				GCC_C_LANGUAGE_STANDARD = gnu11;
				GCC_NO_COMMON_BLOCKS = YES;
				GCC_WARN_64_TO_32_BIT_CONVERSION = YES;
				GCC_WARN_ABOUT_RETURN_TYPE = YES_ERROR;
				GCC_WARN_UNDECLARED_SELECTOR = YES;
				GCC_WARN_UNINITIALIZED_AUTOS = YES_AGGRESSIVE;
				GCC_WARN_UNUSED_FUNCTION = YES;
				GCC_WARN_UNUSED_VARIABLE = YES;
				IPHONEOS_DEPLOYMENT_TARGET = 15.5;
				MTL_ENABLE_DEBUG_INFO = NO;
				MTL_FAST_MATH = YES;
				SDKROOT = iphoneos;
				SWIFT_COMPILATION_MODE = wholemodule;
				SWIFT_OPTIMIZATION_LEVEL = "-O";
				VALIDATE_PRODUCT = YES;
			};
			name = Release;
		};
		2B70973228797AFD008C56CE /* Debug */ = {
			isa = XCBuildConfiguration;
			baseConfigurationReference = 3819647CE6CFE264CC274A1E /* Pods-iChat_App.debug.xcconfig */;
			buildSettings = {
				ASSETCATALOG_COMPILER_APPICON_NAME = AppIcon;
				ASSETCATALOG_COMPILER_GLOBAL_ACCENT_COLOR_NAME = AccentColor;
				CODE_SIGN_STYLE = Automatic;
				CURRENT_PROJECT_VERSION = 1;
				DEVELOPMENT_TEAM = RB3BCBLCA6;
				GENERATE_INFOPLIST_FILE = YES;
				INFOPLIST_FILE = iChat_App/Info.plist;
				INFOPLIST_KEY_UIApplicationSupportsIndirectInputEvents = YES;
				INFOPLIST_KEY_UILaunchStoryboardName = LaunchScreen;
				INFOPLIST_KEY_UISupportedInterfaceOrientations = UIInterfaceOrientationPortrait;
				INFOPLIST_KEY_UISupportedInterfaceOrientations_iPad = "UIInterfaceOrientationPortrait UIInterfaceOrientationPortraitUpsideDown UIInterfaceOrientationLandscapeLeft UIInterfaceOrientationLandscapeRight";
				INFOPLIST_KEY_UISupportedInterfaceOrientations_iPhone = "UIInterfaceOrientationPortrait UIInterfaceOrientationLandscapeLeft UIInterfaceOrientationLandscapeRight";
				LD_RUNPATH_SEARCH_PATHS = (
					"$(inherited)",
					"@executable_path/Frameworks",
				);
				MARKETING_VERSION = 1.0;
				PRODUCT_BUNDLE_IDENTIFIER = "com.thefiltitoff.iChat-App";
				PRODUCT_NAME = "$(TARGET_NAME)";
				SWIFT_EMIT_LOC_STRINGS = YES;
				SWIFT_VERSION = 5.0;
				TARGETED_DEVICE_FAMILY = "1,2";
			};
			name = Debug;
		};
		2B70973328797AFD008C56CE /* Release */ = {
			isa = XCBuildConfiguration;
			baseConfigurationReference = 64AD8146F66017B2894434EC /* Pods-iChat_App.release.xcconfig */;
			buildSettings = {
				ASSETCATALOG_COMPILER_APPICON_NAME = AppIcon;
				ASSETCATALOG_COMPILER_GLOBAL_ACCENT_COLOR_NAME = AccentColor;
				CODE_SIGN_STYLE = Automatic;
				CURRENT_PROJECT_VERSION = 1;
				DEVELOPMENT_TEAM = RB3BCBLCA6;
				GENERATE_INFOPLIST_FILE = YES;
				INFOPLIST_FILE = iChat_App/Info.plist;
				INFOPLIST_KEY_UIApplicationSupportsIndirectInputEvents = YES;
				INFOPLIST_KEY_UILaunchStoryboardName = LaunchScreen;
				INFOPLIST_KEY_UISupportedInterfaceOrientations = UIInterfaceOrientationPortrait;
				INFOPLIST_KEY_UISupportedInterfaceOrientations_iPad = "UIInterfaceOrientationPortrait UIInterfaceOrientationPortraitUpsideDown UIInterfaceOrientationLandscapeLeft UIInterfaceOrientationLandscapeRight";
				INFOPLIST_KEY_UISupportedInterfaceOrientations_iPhone = "UIInterfaceOrientationPortrait UIInterfaceOrientationLandscapeLeft UIInterfaceOrientationLandscapeRight";
				LD_RUNPATH_SEARCH_PATHS = (
					"$(inherited)",
					"@executable_path/Frameworks",
				);
				MARKETING_VERSION = 1.0;
				PRODUCT_BUNDLE_IDENTIFIER = "com.thefiltitoff.iChat-App";
				PRODUCT_NAME = "$(TARGET_NAME)";
				SWIFT_EMIT_LOC_STRINGS = YES;
				SWIFT_VERSION = 5.0;
				TARGETED_DEVICE_FAMILY = "1,2";
			};
			name = Release;
		};
/* End XCBuildConfiguration section */

/* Begin XCConfigurationList section */
		2B70971828797AFA008C56CE /* Build configuration list for PBXProject "iChat_App" */ = {
			isa = XCConfigurationList;
			buildConfigurations = (
				2B70972F28797AFD008C56CE /* Debug */,
				2B70973028797AFD008C56CE /* Release */,
			);
			defaultConfigurationIsVisible = 0;
			defaultConfigurationName = Release;
		};
		2B70973128797AFD008C56CE /* Build configuration list for PBXNativeTarget "iChat_App" */ = {
			isa = XCConfigurationList;
			buildConfigurations = (
				2B70973228797AFD008C56CE /* Debug */,
				2B70973328797AFD008C56CE /* Release */,
			);
			defaultConfigurationIsVisible = 0;
			defaultConfigurationName = Release;
		};
/* End XCConfigurationList section */
	};
	rootObject = 2B70971528797AFA008C56CE /* Project object */;
}
